github.com/behringer24/mobi v0.8.0 h1:LXT/8617vl87SnQ1h4nCrDrzC2zzs28c6WJ69OMJsjs=
github.com/behringer24/mobi v0.8.0/go.mod h1:0Bmhx7vwgsKJZkj3IxbqKaSGuHxCKrQfPzlVFlIrKkM=
golang.org/x/text v0.21.0 h1:zyQAAkrwaneQ066sspRyJaG9VNi/YJ1NfzcGB3hZ/qo=
golang.org/x/text v0.21.0/go.mod h1:4IBbMaMmOPCJ8SecivzSH54+73PCFmPWxNTLm+vZkEQ=
